<Solution>
  <Project Path="ImageTool.Core/ImageTool.Core.csproj" />
  <Project Path="ImageTool.Host/ImageTool.Host.csproj" />
  <Project Path="ImageTool.Plugins.FaceRestorer/ImageTool.Plugins.FaceRestorer.csproj" />
  <Project Path="ImageTool.Plugins.Upscaler/ImageTool.Plugins.Upscaler.csproj" />
  <Project Path="ImageTool.Shared/ImageTool.Shared.csproj" />
</Solution>
